
Microsoft Visual Studio Solution File, Format Version 12.00
# Visual Studio 14
VisualStudioVersion = 14.0.25420.1
MinimumVisualStudioVersion = 10.0.40219.1
Project("{FAE04EC0-301F-11D3-BF4B-00C04F79EFBC}") = "Cli", "Cli\Cli.csproj", "{167EBDCE-9A95-4E11-921B-B0888C4A20D7}"
EndProject
Project("{FAE04EC0-301F-11D3-BF4B-00C04F79EFBC}") = "Interfaces", "Interfaces\Interfaces.csproj", "{8C7CBCB1-A3B7-4F1F-B3E7-9D5DEF3F9D95}"
EndProject
Project("{FAE04EC0-301F-11D3-BF4B-00C04F79EFBC}") = "Data", "Data\Data.csproj", "{45140461-5344-4F6A-B412-0AFD50A74DA3}"
EndProject
Project("{FAE04EC0-301F-11D3-BF4B-00C04F79EFBC}") = "Domain", "Domain\Domain.csproj", "{09AA6767-06F1-4282-8535-DBBA928E255C}"
EndProject
Project("{FAE04EC0-301F-11D3-BF4B-00C04F79EFBC}") = "Services", "Services\Services.csproj", "{607AA208-D790-4CB6-A44F-A1D4811DE85C}"
EndProject
Project("{FAE04EC0-301F-11D3-BF4B-00C04F79EFBC}") = "Infrastructure", "Infrastructure\Infrastructure.csproj", "{E65027C6-2012-41EC-84B4-E079FC72C5E6}"
EndProject
Project("{2150E333-8FDC-42A3-9474-1A3956D46DE8}") = "SolutionItems", "SolutionItems", "{8D991524-AD4A-4798-B2BF-69AFBA9A136F}"
	ProjectSection(SolutionItems) = preProject
		AssemblyInfoCompanyShared.cs = AssemblyInfoCompanyShared.cs
		AssemblyInfoVersionShared.cs = AssemblyInfoVersionShared.cs
		README.md = README.md
	EndProjectSection
EndProject
Project("{2150E333-8FDC-42A3-9474-1A3956D46DE8}") = "Tests", "Tests", "{7072B2DB-77E8-4105-AC4A-3B0CC5CE2A84}"
EndProject
Project("{FAE04EC0-301F-11D3-BF4B-00C04F79EFBC}") = "UnitTests", "Tests\UnitTests\UnitTests.csproj", "{74B30449-9FB0-4769-A279-2782343D7EF3}"
EndProject
Project("{FAE04EC0-301F-11D3-BF4B-00C04F79EFBC}") = "AcceptanceTests", "AcceptanceTests\AcceptanceTests.csproj", "{F0E9A9ED-40C6-47DA-8149-DB789184778B}"
EndProject
Global
	GlobalSection(SolutionConfigurationPlatforms) = preSolution
		Debug|Any CPU = Debug|Any CPU
		Release|Any CPU = Release|Any CPU
	EndGlobalSection
	GlobalSection(ProjectConfigurationPlatforms) = postSolution
		{167EBDCE-9A95-4E11-921B-B0888C4A20D7}.Debug|Any CPU.ActiveCfg = Debug|Any CPU
		{167EBDCE-9A95-4E11-921B-B0888C4A20D7}.Debug|Any CPU.Build.0 = Debug|Any CPU
		{167EBDCE-9A95-4E11-921B-B0888C4A20D7}.Release|Any CPU.ActiveCfg = Release|Any CPU
		{167EBDCE-9A95-4E11-921B-B0888C4A20D7}.Release|Any CPU.Build.0 = Release|Any CPU
		{8C7CBCB1-A3B7-4F1F-B3E7-9D5DEF3F9D95}.Debug|Any CPU.ActiveCfg = Debug|Any CPU
		{8C7CBCB1-A3B7-4F1F-B3E7-9D5DEF3F9D95}.Debug|Any CPU.Build.0 = Debug|Any CPU
		{8C7CBCB1-A3B7-4F1F-B3E7-9D5DEF3F9D95}.Release|Any CPU.ActiveCfg = Release|Any CPU
		{8C7CBCB1-A3B7-4F1F-B3E7-9D5DEF3F9D95}.Release|Any CPU.Build.0 = Release|Any CPU
		{45140461-5344-4F6A-B412-0AFD50A74DA3}.Debug|Any CPU.ActiveCfg = Debug|Any CPU
		{45140461-5344-4F6A-B412-0AFD50A74DA3}.Debug|Any CPU.Build.0 = Debug|Any CPU
		{45140461-5344-4F6A-B412-0AFD50A74DA3}.Release|Any CPU.ActiveCfg = Release|Any CPU
		{45140461-5344-4F6A-B412-0AFD50A74DA3}.Release|Any CPU.Build.0 = Release|Any CPU
		{09AA6767-06F1-4282-8535-DBBA928E255C}.Debug|Any CPU.ActiveCfg = Debug|Any CPU
		{09AA6767-06F1-4282-8535-DBBA928E255C}.Debug|Any CPU.Build.0 = Debug|Any CPU
		{09AA6767-06F1-4282-8535-DBBA928E255C}.Release|Any CPU.ActiveCfg = Release|Any CPU
		{09AA6767-06F1-4282-8535-DBBA928E255C}.Release|Any CPU.Build.0 = Release|Any CPU
		{607AA208-D790-4CB6-A44F-A1D4811DE85C}.Debug|Any CPU.ActiveCfg = Debug|Any CPU
		{607AA208-D790-4CB6-A44F-A1D4811DE85C}.Debug|Any CPU.Build.0 = Debug|Any CPU
		{607AA208-D790-4CB6-A44F-A1D4811DE85C}.Release|Any CPU.ActiveCfg = Release|Any CPU
		{607AA208-D790-4CB6-A44F-A1D4811DE85C}.Release|Any CPU.Build.0 = Release|Any CPU
		{E65027C6-2012-41EC-84B4-E079FC72C5E6}.Debug|Any CPU.ActiveCfg = Debug|Any CPU
		{E65027C6-2012-41EC-84B4-E079FC72C5E6}.Debug|Any CPU.Build.0 = Debug|Any CPU
		{E65027C6-2012-41EC-84B4-E079FC72C5E6}.Release|Any CPU.ActiveCfg = Release|Any CPU
		{E65027C6-2012-41EC-84B4-E079FC72C5E6}.Release|Any CPU.Build.0 = Release|Any CPU
		{74B30449-9FB0-4769-A279-2782343D7EF3}.Debug|Any CPU.ActiveCfg = Debug|Any CPU
		{74B30449-9FB0-4769-A279-2782343D7EF3}.Debug|Any CPU.Build.0 = Debug|Any CPU
		{74B30449-9FB0-4769-A279-2782343D7EF3}.Release|Any CPU.ActiveCfg = Release|Any CPU
		{74B30449-9FB0-4769-A279-2782343D7EF3}.Release|Any CPU.Build.0 = Release|Any CPU
		{F0E9A9ED-40C6-47DA-8149-DB789184778B}.Debug|Any CPU.ActiveCfg = Debug|Any CPU
		{F0E9A9ED-40C6-47DA-8149-DB789184778B}.Debug|Any CPU.Build.0 = Debug|Any CPU
		{F0E9A9ED-40C6-47DA-8149-DB789184778B}.Release|Any CPU.ActiveCfg = Release|Any CPU
		{F0E9A9ED-40C6-47DA-8149-DB789184778B}.Release|Any CPU.Build.0 = Release|Any CPU
	EndGlobalSection
	GlobalSection(SolutionProperties) = preSolution
		HideSolutionNode = FALSE
	EndGlobalSection
	GlobalSection(NestedProjects) = preSolution
		{74B30449-9FB0-4769-A279-2782343D7EF3} = {7072B2DB-77E8-4105-AC4A-3B0CC5CE2A84}
		{F0E9A9ED-40C6-47DA-8149-DB789184778B} = {7072B2DB-77E8-4105-AC4A-3B0CC5CE2A84}
	EndGlobalSection
EndGlobal
